
Microsoft Visual Studio Solution File, Format Version 12.00
# Visual Studio Version 16
VisualStudioVersion = 16.0.29926.136
MinimumVisualStudioVersion = 10.0.40219.1
Project("{FAE04EC0-301F-11D3-BF4B-00C04F79EFBC}") = "Tetris2", "Tetris2\Tetris2.csproj", "{374F5F8B-D707-45E8-B105-16ED93241939}"
EndProject
Global
	GlobalSection(SolutionConfigurationPlatforms) = preSolution
		Debug|Any CPU = Debug|Any CPU
		Release|Any CPU = Release|Any CPU
	EndGlobalSection
	GlobalSection(ProjectConfigurationPlatforms) = postSolution
		{374F5F8B-D707-45E8-B105-16ED93241939}.Debug|Any CPU.ActiveCfg = Debug|Any CPU
		{374F5F8B-D707-45E8-B105-16ED93241939}.Debug|Any CPU.Build.0 = Debug|Any CPU
		{374F5F8B-D707-45E8-B105-16ED93241939}.Release|Any CPU.ActiveCfg = Release|Any CPU
		{374F5F8B-D707-45E8-B105-16ED93241939}.Release|Any CPU.Build.0 = Release|Any CPU
	EndGlobalSection
	GlobalSection(SolutionProperties) = preSolution
		HideSolutionNode = FALSE
	EndGlobalSection
	GlobalSection(ExtensibilityGlobals) = postSolution
		SolutionGuid = {6158434F-D079-4C9F-812A-068D14D99EBE}
	EndGlobalSection
EndGlobal
